
Microsoft Visual Studio Solution File, Format Version 12.00
# Visual Studio Version 17
VisualStudioVersion = 17.0.31903.59
MinimumVisualStudioVersion = 10.0.40219.1
Project("{2150E333-8FDC-42A3-9474-1A3956D46DE8}") = "src", "src", "{1051650D-B0DB-4E64-B91B-5D653AC2843A}"
EndProject
Project("{FAE04EC0-301F-11D3-BF4B-00C04F79EFBC}") = "TalentoPlus.Application", "src\TalentoPlus.Application\TalentoPlus.Application.csproj", "{837D89D3-AD9F-462C-91A9-3B27E04831C2}"
EndProject
Project("{FAE04EC0-301F-11D3-BF4B-00C04F79EFBC}") = "TalentoPlus.Infrastructure", "src\TalentoPlus.Infrastructure\TalentoPlus.Infrastructure.csproj", "{ACEA0D96-5F04-4979-B4C4-D1DA3EE9BFB6}"
EndProject
Project("{FAE04EC0-301F-11D3-BF4B-00C04F79EFBC}") = "TalentoPlus.Api", "src\TalentoPlus.Api\TalentoPlus.Api.csproj", "{82A69066-E8E2-474A-86AC-52A7CB31EE6C}"
EndProject
Project("{FAE04EC0-301F-11D3-BF4B-00C04F79EFBC}") = "TalentoPlus.WebAdmin", "src\TalentoPlus.WebAdmin\TalentoPlus.WebAdmin.csproj", "{7D4708B7-2652-4DBB-B8FC-490696C8FDD2}"
EndProject
Project("{FAE04EC0-301F-11D3-BF4B-00C04F79EFBC}") = "TalentoPlus.Domain", "src\TalentoPlus.Domain\TalentoPlus.Domain.csproj", "{09B935CB-EA07-456A-B5DD-FE6F5A03E7D6}"
EndProject
Global
	GlobalSection(SolutionConfigurationPlatforms) = preSolution
		Debug|Any CPU = Debug|Any CPU
		Release|Any CPU = Release|Any CPU
	EndGlobalSection
	GlobalSection(SolutionProperties) = preSolution
		HideSolutionNode = FALSE
	EndGlobalSection
	GlobalSection(ProjectConfigurationPlatforms) = postSolution
		{837D89D3-AD9F-462C-91A9-3B27E04831C2}.Debug|Any CPU.ActiveCfg = Debug|Any CPU
		{837D89D3-AD9F-462C-91A9-3B27E04831C2}.Debug|Any CPU.Build.0 = Debug|Any CPU
		{837D89D3-AD9F-462C-91A9-3B27E04831C2}.Release|Any CPU.ActiveCfg = Release|Any CPU
		{837D89D3-AD9F-462C-91A9-3B27E04831C2}.Release|Any CPU.Build.0 = Release|Any CPU
		{ACEA0D96-5F04-4979-B4C4-D1DA3EE9BFB6}.Debug|Any CPU.ActiveCfg = Debug|Any CPU
		{ACEA0D96-5F04-4979-B4C4-D1DA3EE9BFB6}.Debug|Any CPU.Build.0 = Debug|Any CPU
		{ACEA0D96-5F04-4979-B4C4-D1DA3EE9BFB6}.Release|Any CPU.ActiveCfg = Release|Any CPU
		{ACEA0D96-5F04-4979-B4C4-D1DA3EE9BFB6}.Release|Any CPU.Build.0 = Release|Any CPU
		{82A69066-E8E2-474A-86AC-52A7CB31EE6C}.Debug|Any CPU.ActiveCfg = Debug|Any CPU
		{82A69066-E8E2-474A-86AC-52A7CB31EE6C}.Debug|Any CPU.Build.0 = Debug|Any CPU
		{82A69066-E8E2-474A-86AC-52A7CB31EE6C}.Release|Any CPU.ActiveCfg = Release|Any CPU
		{82A69066-E8E2-474A-86AC-52A7CB31EE6C}.Release|Any CPU.Build.0 = Release|Any CPU
		{7D4708B7-2652-4DBB-B8FC-490696C8FDD2}.Debug|Any CPU.ActiveCfg = Debug|Any CPU
		{7D4708B7-2652-4DBB-B8FC-490696C8FDD2}.Debug|Any CPU.Build.0 = Debug|Any CPU
		{7D4708B7-2652-4DBB-B8FC-490696C8FDD2}.Release|Any CPU.ActiveCfg = Release|Any CPU
		{7D4708B7-2652-4DBB-B8FC-490696C8FDD2}.Release|Any CPU.Build.0 = Release|Any CPU
		{09B935CB-EA07-456A-B5DD-FE6F5A03E7D6}.Debug|Any CPU.ActiveCfg = Debug|Any CPU
		{09B935CB-EA07-456A-B5DD-FE6F5A03E7D6}.Debug|Any CPU.Build.0 = Debug|Any CPU
		{09B935CB-EA07-456A-B5DD-FE6F5A03E7D6}.Release|Any CPU.ActiveCfg = Release|Any CPU
		{09B935CB-EA07-456A-B5DD-FE6F5A03E7D6}.Release|Any CPU.Build.0 = Release|Any CPU
	EndGlobalSection
	GlobalSection(NestedProjects) = preSolution
		{837D89D3-AD9F-462C-91A9-3B27E04831C2} = {1051650D-B0DB-4E64-B91B-5D653AC2843A}
		{ACEA0D96-5F04-4979-B4C4-D1DA3EE9BFB6} = {1051650D-B0DB-4E64-B91B-5D653AC2843A}
		{82A69066-E8E2-474A-86AC-52A7CB31EE6C} = {1051650D-B0DB-4E64-B91B-5D653AC2843A}
		{7D4708B7-2652-4DBB-B8FC-490696C8FDD2} = {1051650D-B0DB-4E64-B91B-5D653AC2843A}
		{09B935CB-EA07-456A-B5DD-FE6F5A03E7D6} = {1051650D-B0DB-4E64-B91B-5D653AC2843A}
	EndGlobalSection
EndGlobal
